
Microsoft Visual Studio Solution File, Format Version 12.00
# Visual Studio Version 17
VisualStudioVersion = 17.4.33103.184
MinimumVisualStudioVersion = 10.0.40219.1
Project("{FAE04EC0-301F-11D3-BF4B-00C04F79EFBC}") = "labCsharp3", "labCsharp3\labCsharp3.csproj", "{769D93C4-EB6B-49C5-9E4B-9B3D5EB2472A}"
EndProject
Global
	GlobalSection(SolutionConfigurationPlatforms) = preSolution
		Debug|Any CPU = Debug|Any CPU
		Release|Any CPU = Release|Any CPU
	EndGlobalSection
	GlobalSection(ProjectConfigurationPlatforms) = postSolution
		{769D93C4-EB6B-49C5-9E4B-9B3D5EB2472A}.Debug|Any CPU.ActiveCfg = Debug|Any CPU
		{769D93C4-EB6B-49C5-9E4B-9B3D5EB2472A}.Debug|Any CPU.Build.0 = Debug|Any CPU
		{769D93C4-EB6B-49C5-9E4B-9B3D5EB2472A}.Release|Any CPU.ActiveCfg = Release|Any CPU
		{769D93C4-EB6B-49C5-9E4B-9B3D5EB2472A}.Release|Any CPU.Build.0 = Release|Any CPU
	EndGlobalSection
	GlobalSection(SolutionProperties) = preSolution
		HideSolutionNode = FALSE
	EndGlobalSection
	GlobalSection(ExtensibilityGlobals) = postSolution
		SolutionGuid = {5ABA8EDA-939C-449F-9FE5-59A713DB27A7}
	EndGlobalSection
EndGlobal
